
Microsoft Visual Studio Solution File, Format Version 12.00
# Visual Studio Version 16
VisualStudioVersion = 16.0.31112.23
MinimumVisualStudioVersion = 10.0.40219.1
Project("{FAE04EC0-301F-11D3-BF4B-00C04F79EFBC}") = "MatrixCHMLA", "MatrixCHMLA\MatrixCHMLA.csproj", "{0BB7E313-3D40-41C4-8E4F-2743B016D474}"
EndProject
Global
	GlobalSection(SolutionConfigurationPlatforms) = preSolution
		Debug|Any CPU = Debug|Any CPU
		Release|Any CPU = Release|Any CPU
	EndGlobalSection
	GlobalSection(ProjectConfigurationPlatforms) = postSolution
		{0BB7E313-3D40-41C4-8E4F-2743B016D474}.Debug|Any CPU.ActiveCfg = Debug|Any CPU
		{0BB7E313-3D40-41C4-8E4F-2743B016D474}.Debug|Any CPU.Build.0 = Debug|Any CPU
		{0BB7E313-3D40-41C4-8E4F-2743B016D474}.Release|Any CPU.ActiveCfg = Release|Any CPU
		{0BB7E313-3D40-41C4-8E4F-2743B016D474}.Release|Any CPU.Build.0 = Release|Any CPU
	EndGlobalSection
	GlobalSection(SolutionProperties) = preSolution
		HideSolutionNode = FALSE
	EndGlobalSection
	GlobalSection(ExtensibilityGlobals) = postSolution
		SolutionGuid = {CA9777F3-34AE-4B43-B283-3F3940C206A8}
	EndGlobalSection
EndGlobal
